
Microsoft Visual Studio Solution File, Format Version 12.00
# Visual Studio 15
VisualStudioVersion = 15.0.27130.2027
MinimumVisualStudioVersion = 10.0.40219.1
Project("{FAE04EC0-301F-11D3-BF4B-00C04F79EFBC}") = "Decorator", "Decorator\Decorator.csproj", "{865C30D7-3A56-4DD7-BEF4-C55E51BAF3AF}"
EndProject
Global
	GlobalSection(SolutionConfigurationPlatforms) = preSolution
		Debug|Any CPU = Debug|Any CPU
		Release|Any CPU = Release|Any CPU
	EndGlobalSection
	GlobalSection(ProjectConfigurationPlatforms) = postSolution
		{865C30D7-3A56-4DD7-BEF4-C55E51BAF3AF}.Debug|Any CPU.ActiveCfg = Debug|Any CPU
		{865C30D7-3A56-4DD7-BEF4-C55E51BAF3AF}.Debug|Any CPU.Build.0 = Debug|Any CPU
		{865C30D7-3A56-4DD7-BEF4-C55E51BAF3AF}.Release|Any CPU.ActiveCfg = Release|Any CPU
		{865C30D7-3A56-4DD7-BEF4-C55E51BAF3AF}.Release|Any CPU.Build.0 = Release|Any CPU
	EndGlobalSection
	GlobalSection(SolutionProperties) = preSolution
		HideSolutionNode = FALSE
	EndGlobalSection
	GlobalSection(ExtensibilityGlobals) = postSolution
		SolutionGuid = {5F8FA75D-42E2-4BFC-BD10-BDD382E70353}
	EndGlobalSection
EndGlobal
