
Microsoft Visual Studio Solution File, Format Version 12.00
# Visual Studio 15
VisualStudioVersion = 15.0.27130.2020
MinimumVisualStudioVersion = 10.0.40219.1
Project("{FAE04EC0-301F-11D3-BF4B-00C04F79EFBC}") = "Singleton", "Singleton\Singleton.csproj", "{BCBD878F-5F34-4CAB-8701-346A932A1AC2}"
EndProject
Global
	GlobalSection(SolutionConfigurationPlatforms) = preSolution
		Debug|Any CPU = Debug|Any CPU
		Release|Any CPU = Release|Any CPU
	EndGlobalSection
	GlobalSection(ProjectConfigurationPlatforms) = postSolution
		{BCBD878F-5F34-4CAB-8701-346A932A1AC2}.Debug|Any CPU.ActiveCfg = Debug|Any CPU
		{BCBD878F-5F34-4CAB-8701-346A932A1AC2}.Debug|Any CPU.Build.0 = Debug|Any CPU
		{BCBD878F-5F34-4CAB-8701-346A932A1AC2}.Release|Any CPU.ActiveCfg = Release|Any CPU
		{BCBD878F-5F34-4CAB-8701-346A932A1AC2}.Release|Any CPU.Build.0 = Release|Any CPU
	EndGlobalSection
	GlobalSection(SolutionProperties) = preSolution
		HideSolutionNode = FALSE
	EndGlobalSection
	GlobalSection(ExtensibilityGlobals) = postSolution
		SolutionGuid = {138709B1-2084-4154-9FA7-C4A012FA395F}
	EndGlobalSection
EndGlobal
